
Microsoft Visual Studio Solution File, Format Version 12.00
# Visual Studio Version 17
VisualStudioVersion = 17.13.35919.96 d17.13
MinimumVisualStudioVersion = 10.0.40219.1
Project("{8BC9CEB8-8B4A-11D0-8D11-00A0C91BC942}") = "WaterPressure", "WaterPressure\WaterPressure.vcxproj", "{944917FA-3EAE-4C85-A777-5EAFCEC3283D}"
EndProject
Project("{8BC9CEB8-8B4A-11D0-8D11-00A0C91BC942}") = "MFCDialogApp", "MFCDialogApp\MFCDialogApp.vcxproj", "{58E761DD-98A2-ACFC-3BC5-FE35DFC651AC}"
EndProject
Global
	GlobalSection(SolutionConfigurationPlatforms) = preSolution
		Debug|x64 = Debug|x64
		Debug|x86 = Debug|x86
		Release|x64 = Release|x64
		Release|x86 = Release|x86
	EndGlobalSection
	GlobalSection(ProjectConfigurationPlatforms) = postSolution
		{944917FA-3EAE-4C85-A777-5EAFCEC3283D}.Debug|x64.ActiveCfg = Debug|x64
		{944917FA-3EAE-4C85-A777-5EAFCEC3283D}.Debug|x64.Build.0 = Debug|x64
		{944917FA-3EAE-4C85-A777-5EAFCEC3283D}.Debug|x86.ActiveCfg = Debug|Win32
		{944917FA-3EAE-4C85-A777-5EAFCEC3283D}.Debug|x86.Build.0 = Debug|Win32
		{944917FA-3EAE-4C85-A777-5EAFCEC3283D}.Release|x64.ActiveCfg = Release|x64
		{944917FA-3EAE-4C85-A777-5EAFCEC3283D}.Release|x64.Build.0 = Release|x64
		{944917FA-3EAE-4C85-A777-5EAFCEC3283D}.Release|x86.ActiveCfg = Release|Win32
		{944917FA-3EAE-4C85-A777-5EAFCEC3283D}.Release|x86.Build.0 = Release|Win32
		{58E761DD-98A2-ACFC-3BC5-FE35DFC651AC}.Debug|x64.ActiveCfg = Debug|x64
		{58E761DD-98A2-ACFC-3BC5-FE35DFC651AC}.Debug|x64.Build.0 = Debug|x64
		{58E761DD-98A2-ACFC-3BC5-FE35DFC651AC}.Debug|x86.ActiveCfg = Debug|Win32
		{58E761DD-98A2-ACFC-3BC5-FE35DFC651AC}.Debug|x86.Build.0 = Debug|Win32
		{58E761DD-98A2-ACFC-3BC5-FE35DFC651AC}.Release|x64.ActiveCfg = Release|x64
		{58E761DD-98A2-ACFC-3BC5-FE35DFC651AC}.Release|x64.Build.0 = Release|x64
		{58E761DD-98A2-ACFC-3BC5-FE35DFC651AC}.Release|x86.ActiveCfg = Release|Win32
		{58E761DD-98A2-ACFC-3BC5-FE35DFC651AC}.Release|x86.Build.0 = Release|Win32
	EndGlobalSection
	GlobalSection(SolutionProperties) = preSolution
		HideSolutionNode = FALSE
	EndGlobalSection
	GlobalSection(ExtensibilityGlobals) = postSolution
		SolutionGuid = {3C202557-1090-4334-9478-C9F1E7B7F9C2}
	EndGlobalSection
EndGlobal
